
Microsoft Visual Studio Solution File, Format Version 12.00
# Visual Studio Version 17
VisualStudioVersion = 17.6.33723.286
MinimumVisualStudioVersion = 10.0.40219.1
Project("{FAE04EC0-301F-11D3-BF4B-00C04F79EFBC}") = "MinimalApi", "MinimalApi.csproj", "{80972590-4A3D-416F-A0DE-A49C7B7E8D5E}"
EndProject
Global
	GlobalSection(SolutionConfigurationPlatforms) = preSolution
		Debug|Any CPU = Debug|Any CPU
		Release|Any CPU = Release|Any CPU
	EndGlobalSection
	GlobalSection(ProjectConfigurationPlatforms) = postSolution
		{80972590-4A3D-416F-A0DE-A49C7B7E8D5E}.Debug|Any CPU.ActiveCfg = Debug|Any CPU
		{80972590-4A3D-416F-A0DE-A49C7B7E8D5E}.Debug|Any CPU.Build.0 = Debug|Any CPU
		{80972590-4A3D-416F-A0DE-A49C7B7E8D5E}.Release|Any CPU.ActiveCfg = Release|Any CPU
		{80972590-4A3D-416F-A0DE-A49C7B7E8D5E}.Release|Any CPU.Build.0 = Release|Any CPU
	EndGlobalSection
	GlobalSection(SolutionProperties) = preSolution
		HideSolutionNode = FALSE
	EndGlobalSection
	GlobalSection(ExtensibilityGlobals) = postSolution
		SolutionGuid = {19A3989F-9BF8-46BE-9709-5FBEC955C4E0}
	EndGlobalSection
EndGlobal
